
Microsoft Visual Studio Solution File, Format Version 12.00
# Visual Studio 15
VisualStudioVersion = 15.0.27703.2000
MinimumVisualStudioVersion = 10.0.40219.1
Project("{FAE04EC0-301F-11D3-BF4B-00C04F79EFBC}") = "200390318a1", "200390318a1\200390318a1.csproj", "{433E6E5F-80A1-4C47-986A-DC6011938FB3}"
EndProject
Global
	GlobalSection(SolutionConfigurationPlatforms) = preSolution
		Debug|Any CPU = Debug|Any CPU
		Release|Any CPU = Release|Any CPU
	EndGlobalSection
	GlobalSection(ProjectConfigurationPlatforms) = postSolution
		{433E6E5F-80A1-4C47-986A-DC6011938FB3}.Debug|Any CPU.ActiveCfg = Debug|Any CPU
		{433E6E5F-80A1-4C47-986A-DC6011938FB3}.Debug|Any CPU.Build.0 = Debug|Any CPU
		{433E6E5F-80A1-4C47-986A-DC6011938FB3}.Release|Any CPU.ActiveCfg = Release|Any CPU
		{433E6E5F-80A1-4C47-986A-DC6011938FB3}.Release|Any CPU.Build.0 = Release|Any CPU
	EndGlobalSection
	GlobalSection(SolutionProperties) = preSolution
		HideSolutionNode = FALSE
	EndGlobalSection
	GlobalSection(ExtensibilityGlobals) = postSolution
		SolutionGuid = {AA398DB0-CCCF-4516-AFA7-B56C3920D1E0}
	EndGlobalSection
EndGlobal
